
Microsoft Visual Studio Solution File, Format Version 12.00
Project("{2150E333-8FDC-42A3-9474-1A3956D46DE8}") = "src", "src", "{CF74D699-1A3F-41B4-A89E-588046EE6982}"
EndProject
Project("{2150E333-8FDC-42A3-9474-1A3956D46DE8}") = "tests", "tests", "{667633F5-E75F-4133-ABEE-D1B8189E2749}"
EndProject
Project("{FAE04EC0-301F-11D3-BF4B-00C04F79EFBC}") = "RDI.API", "src\RDI.API\RDI.API.csproj", "{FCAC0C0A-0246-4D68-8509-D988E95F07B8}"
EndProject
Project("{FAE04EC0-301F-11D3-BF4B-00C04F79EFBC}") = "RDI.Domain", "src\RDI.Domain\RDI.Domain.csproj", "{DEA624B7-3E34-49D5-A8C6-C1AA7DB1815C}"
EndProject
Project("{FAE04EC0-301F-11D3-BF4B-00C04F79EFBC}") = "RDI.Application", "src\RDI.Application\RDI.Application.csproj", "{C7B4E8EF-72F9-4468-AFA0-75BD4F07F3FA}"
EndProject
Project("{FAE04EC0-301F-11D3-BF4B-00C04F79EFBC}") = "RDI.Infra", "src\RDI.Infra\RDI.Infra.csproj", "{1119A2E8-4088-4BE8-851F-EB93000A0811}"
EndProject
Project("{FAE04EC0-301F-11D3-BF4B-00C04F79EFBC}") = "RDI.UnitTests", "tests\RDI.UnitTests\RDI.UnitTests.csproj", "{504942BA-F469-4EC2-ACFB-F4D2F9C7CA36}"
EndProject
Project("{FAE04EC0-301F-11D3-BF4B-00C04F79EFBC}") = "RDI.IntegrationsTests", "tests\RDI.IntegrationsTests\RDI.IntegrationsTests.csproj", "{53CFD0E9-7224-4BC3-9F1A-7A8E4F333DD2}"
EndProject
Global
	GlobalSection(SolutionConfigurationPlatforms) = preSolution
		Debug|Any CPU = Debug|Any CPU
		Release|Any CPU = Release|Any CPU
	EndGlobalSection
	GlobalSection(NestedProjects) = preSolution
		{FCAC0C0A-0246-4D68-8509-D988E95F07B8} = {CF74D699-1A3F-41B4-A89E-588046EE6982}
		{DEA624B7-3E34-49D5-A8C6-C1AA7DB1815C} = {CF74D699-1A3F-41B4-A89E-588046EE6982}
		{C7B4E8EF-72F9-4468-AFA0-75BD4F07F3FA} = {CF74D699-1A3F-41B4-A89E-588046EE6982}
		{1119A2E8-4088-4BE8-851F-EB93000A0811} = {CF74D699-1A3F-41B4-A89E-588046EE6982}
		{504942BA-F469-4EC2-ACFB-F4D2F9C7CA36} = {667633F5-E75F-4133-ABEE-D1B8189E2749}
		{53CFD0E9-7224-4BC3-9F1A-7A8E4F333DD2} = {667633F5-E75F-4133-ABEE-D1B8189E2749}
	EndGlobalSection
	GlobalSection(ProjectConfigurationPlatforms) = postSolution
		{FCAC0C0A-0246-4D68-8509-D988E95F07B8}.Debug|Any CPU.ActiveCfg = Debug|Any CPU
		{FCAC0C0A-0246-4D68-8509-D988E95F07B8}.Debug|Any CPU.Build.0 = Debug|Any CPU
		{FCAC0C0A-0246-4D68-8509-D988E95F07B8}.Release|Any CPU.ActiveCfg = Release|Any CPU
		{FCAC0C0A-0246-4D68-8509-D988E95F07B8}.Release|Any CPU.Build.0 = Release|Any CPU
		{DEA624B7-3E34-49D5-A8C6-C1AA7DB1815C}.Debug|Any CPU.ActiveCfg = Debug|Any CPU
		{DEA624B7-3E34-49D5-A8C6-C1AA7DB1815C}.Debug|Any CPU.Build.0 = Debug|Any CPU
		{DEA624B7-3E34-49D5-A8C6-C1AA7DB1815C}.Release|Any CPU.ActiveCfg = Release|Any CPU
		{DEA624B7-3E34-49D5-A8C6-C1AA7DB1815C}.Release|Any CPU.Build.0 = Release|Any CPU
		{C7B4E8EF-72F9-4468-AFA0-75BD4F07F3FA}.Debug|Any CPU.ActiveCfg = Debug|Any CPU
		{C7B4E8EF-72F9-4468-AFA0-75BD4F07F3FA}.Debug|Any CPU.Build.0 = Debug|Any CPU
		{C7B4E8EF-72F9-4468-AFA0-75BD4F07F3FA}.Release|Any CPU.ActiveCfg = Release|Any CPU
		{C7B4E8EF-72F9-4468-AFA0-75BD4F07F3FA}.Release|Any CPU.Build.0 = Release|Any CPU
		{1119A2E8-4088-4BE8-851F-EB93000A0811}.Debug|Any CPU.ActiveCfg = Debug|Any CPU
		{1119A2E8-4088-4BE8-851F-EB93000A0811}.Debug|Any CPU.Build.0 = Debug|Any CPU
		{1119A2E8-4088-4BE8-851F-EB93000A0811}.Release|Any CPU.ActiveCfg = Release|Any CPU
		{1119A2E8-4088-4BE8-851F-EB93000A0811}.Release|Any CPU.Build.0 = Release|Any CPU
		{504942BA-F469-4EC2-ACFB-F4D2F9C7CA36}.Debug|Any CPU.ActiveCfg = Debug|Any CPU
		{504942BA-F469-4EC2-ACFB-F4D2F9C7CA36}.Debug|Any CPU.Build.0 = Debug|Any CPU
		{504942BA-F469-4EC2-ACFB-F4D2F9C7CA36}.Release|Any CPU.ActiveCfg = Release|Any CPU
		{504942BA-F469-4EC2-ACFB-F4D2F9C7CA36}.Release|Any CPU.Build.0 = Release|Any CPU
		{53CFD0E9-7224-4BC3-9F1A-7A8E4F333DD2}.Debug|Any CPU.ActiveCfg = Debug|Any CPU
		{53CFD0E9-7224-4BC3-9F1A-7A8E4F333DD2}.Debug|Any CPU.Build.0 = Debug|Any CPU
		{53CFD0E9-7224-4BC3-9F1A-7A8E4F333DD2}.Release|Any CPU.ActiveCfg = Release|Any CPU
		{53CFD0E9-7224-4BC3-9F1A-7A8E4F333DD2}.Release|Any CPU.Build.0 = Release|Any CPU
	EndGlobalSection
EndGlobal
